[root]
name = "gigasecond"
version = "0.0.0"
dependencies = [
 "chrono 0.2.19 (registry+https://github.com/rust-lang/crates.io-index)",
]

[[package]]
name = "chrono"
version = "0.2.19"
source = "registry+https://github.com/rust-lang/crates.io-index"
dependencies = [
 "num 0.1.31 (registry+https://github.com/rust-lang/crates.io-index)",
 "time 0.1.34 (registry+https://github.com/rust-lang/crates.io-index)",
]

[[package]]
name = "kernel32-sys"
version = "0.2.1"
source = "registry+https://github.com/rust-lang/crates.io-index"
dependencies = [
 "winapi 0.2.5 (registry+https://github.com/rust-lang/crates.io-index)",
 "winapi-build 0.1.1 (registry+https://github.com/rust-lang/crates.io-index)",
]

[[package]]
name = "libc"
version = "0.2.7"
source = "registry+https://github.com/rust-lang/crates.io-index"

[[package]]
name = "num"
version = "0.1.31"
source = "registry+https://github.com/rust-lang/crates.io-index"

[[package]]
name = "time"
version = "0.1.34"
source = "registry+https://github.com/rust-lang/crates.io-index"
dependencies = [
 "kernel32-sys 0.2.1 (registry+https://github.com/rust-lang/crates.io-index)",
 "libc 0.2.7 (registry+https://github.com/rust-lang/crates.io-index)",
 "winapi 0.2.5 (registry+https://github.com/rust-lang/crates.io-index)",
]

[[package]]
name = "winapi"
version = "0.2.5"
source = "registry+https://github.com/rust-lang/crates.io-index"

[[package]]
name = "winapi-build"
version = "0.1.1"
source = "registry+https://github.com/rust-lang/crates.io-index"

