# This file is automatically @generated by Cargo.
# It is not intended for manual editing.
version = 3

[[package]]
name = "ngram"
version = "0.1.0"
dependencies = [
 "ngrammatic",
]

[[package]]
name = "ngrammatic"
version = "0.4.0"
source = "registry+https://github.com/rust-lang/crates.io-index"
checksum = "3c6f2f987e82da7fb8a290e959bba528638bc0e2629e38647591e845ecb5f6fe"
